
Microsoft Visual Studio Solution File, Format Version 12.00
# Visual Studio Version 17
VisualStudioVersion = 17.8.34330.188
MinimumVisualStudioVersion = 10.0.40219.1
Project("{9A19103F-16F7-4668-BE54-9A1E7A4F7556}") = "WebApi", "WebApi\WebApi.csproj", "{4E78035B-C7C8-4F9D-998E-A503FBFA86A0}"
EndProject
Project("{FAE04EC0-301F-11D3-BF4B-00C04F79EFBC}") = "DAL", "DAL\DAL.csproj", "{88F6BA03-8BE6-4536-A1A3-616B806A2544}"
EndProject
Project("{FAE04EC0-301F-11D3-BF4B-00C04F79EFBC}") = "BLL", "BLL\BLL.csproj", "{31685F80-20D1-43CE-9AF2-D283A85D931A}"
EndProject
Global
	GlobalSection(SolutionConfigurationPlatforms) = preSolution
		Debug|Any CPU = Debug|Any CPU
		Release|Any CPU = Release|Any CPU
	EndGlobalSection
	GlobalSection(ProjectConfigurationPlatforms) = postSolution
		{4E78035B-C7C8-4F9D-998E-A503FBFA86A0}.Debug|Any CPU.ActiveCfg = Debug|Any CPU
		{4E78035B-C7C8-4F9D-998E-A503FBFA86A0}.Debug|Any CPU.Build.0 = Debug|Any CPU
		{4E78035B-C7C8-4F9D-998E-A503FBFA86A0}.Release|Any CPU.ActiveCfg = Release|Any CPU
		{4E78035B-C7C8-4F9D-998E-A503FBFA86A0}.Release|Any CPU.Build.0 = Release|Any CPU
		{88F6BA03-8BE6-4536-A1A3-616B806A2544}.Debug|Any CPU.ActiveCfg = Debug|Any CPU
		{88F6BA03-8BE6-4536-A1A3-616B806A2544}.Debug|Any CPU.Build.0 = Debug|Any CPU
		{88F6BA03-8BE6-4536-A1A3-616B806A2544}.Release|Any CPU.ActiveCfg = Release|Any CPU
		{88F6BA03-8BE6-4536-A1A3-616B806A2544}.Release|Any CPU.Build.0 = Release|Any CPU
		{31685F80-20D1-43CE-9AF2-D283A85D931A}.Debug|Any CPU.ActiveCfg = Debug|Any CPU
		{31685F80-20D1-43CE-9AF2-D283A85D931A}.Debug|Any CPU.Build.0 = Debug|Any CPU
		{31685F80-20D1-43CE-9AF2-D283A85D931A}.Release|Any CPU.ActiveCfg = Release|Any CPU
		{31685F80-20D1-43CE-9AF2-D283A85D931A}.Release|Any CPU.Build.0 = Release|Any CPU
	EndGlobalSection
	GlobalSection(SolutionProperties) = preSolution
		HideSolutionNode = FALSE
	EndGlobalSection
	GlobalSection(ExtensibilityGlobals) = postSolution
		SolutionGuid = {9E01853C-C362-45D0-A32F-A4DCFED1B442}
	EndGlobalSection
EndGlobal
